
Microsoft Visual Studio Solution File, Format Version 12.00
# Visual Studio 15
VisualStudioVersion = 15.0.28010.0
MinimumVisualStudioVersion = 10.0.40219.1
Project("{8BC9CEB8-8B4A-11D0-8D11-00A0C91BC942}") = "SSPI_Client", "SSPI_Client\SSPI_Client.vcxproj", "{1E5D8131-82F4-4C28-AF3B-3D7FCD7F1366}"
EndProject
Global
	GlobalSection(SolutionConfigurationPlatforms) = preSolution
		Debug|x64 = Debug|x64
		Debug|x86 = Debug|x86
		Release|x64 = Release|x64
		Release|x86 = Release|x86
	EndGlobalSection
	GlobalSection(ProjectConfigurationPlatforms) = postSolution
		{1E5D8131-82F4-4C28-AF3B-3D7FCD7F1366}.Debug|x64.ActiveCfg = Debug|x64
		{1E5D8131-82F4-4C28-AF3B-3D7FCD7F1366}.Debug|x64.Build.0 = Debug|x64
		{1E5D8131-82F4-4C28-AF3B-3D7FCD7F1366}.Debug|x86.ActiveCfg = Debug|Win32
		{1E5D8131-82F4-4C28-AF3B-3D7FCD7F1366}.Debug|x86.Build.0 = Debug|Win32
		{1E5D8131-82F4-4C28-AF3B-3D7FCD7F1366}.Release|x64.ActiveCfg = Release|x64
		{1E5D8131-82F4-4C28-AF3B-3D7FCD7F1366}.Release|x64.Build.0 = Release|x64
		{1E5D8131-82F4-4C28-AF3B-3D7FCD7F1366}.Release|x86.ActiveCfg = Release|Win32
		{1E5D8131-82F4-4C28-AF3B-3D7FCD7F1366}.Release|x86.Build.0 = Release|Win32
	EndGlobalSection
	GlobalSection(SolutionProperties) = preSolution
		HideSolutionNode = FALSE
	EndGlobalSection
	GlobalSection(ExtensibilityGlobals) = postSolution
		SolutionGuid = {BCC7D16C-6F77-48D2-824E-5692FA004665}
	EndGlobalSection
EndGlobal
